// !$*UTF8*$!
{
	archiveVersion = 1;
	classes = {
	};
	objectVersion = 50;
	objects = {

/* Begin PBXBuildFile section */
		A44B9CFD2786953900BA8991 /* xcode.min.css in Resources */ = {isa = PBXBuildFile; fileRef = A44B9C992786953900BA8991 /* xcode.min.css */; };
		A44B9D002786953900BA8991 /* vs2015.min.css in Resources */ = {isa = PBXBuildFile; fileRef = A44B9C9C2786953900BA8991 /* vs2015.min.css */; };
		A44B9D2C2786953A00BA8991 /* github.min.css in Resources */ = {isa = PBXBuildFile; fileRef = A44B9CC82786953900BA8991 /* github.min.css */; };
		A44B9D512786953A00BA8991 /* highlight.min.js in Resources */ = {isa = PBXBuildFile; fileRef = A44B9CEE2786953900BA8991 /* highlight.min.js */; };
		A44B9D522786953A00BA8991 /* CodeAttributedString.swift in Sources */ = {isa = PBXBuildFile; fileRef = A44B9CF02786953900BA8991 /* CodeAttributedString.swift */; };
		A44B9D532786953A00BA8991 /* Highlightr.swift in Sources */ = {isa = PBXBuildFile; fileRef = A44B9CF12786953900BA8991 /* Highlightr.swift */; };
		A44B9D552786953A00BA8991 /* HTMLUtils.swift in Sources */ = {isa = PBXBuildFile; fileRef = A44B9CF32786953900BA8991 /* HTMLUtils.swift */; };
		A44B9D562786953A00BA8991 /* Theme.swift in Sources */ = {isa = PBXBuildFile; fileRef = A44B9CF42786953900BA8991 /* Theme.swift */; };
		A44B9D572786953A00BA8991 /* Shims.swift in Sources */ = {isa = PBXBuildFile; fileRef = A44B9CF52786953900BA8991 /* Shims.swift */; };
		A44B9D5D27870E5500BA8991 /* androidstudio.min.css in Resources */ = {isa = PBXBuildFile; fileRef = A44B9D5C27870E5500BA8991 /* androidstudio.min.css */; };
		A44B9D5F27870E8100BA8991 /* vs.min.css in Resources */ = {isa = PBXBuildFile; fileRef = A44B9D5E27870E8100BA8991 /* vs.min.css */; };
		A44B9D6127870EA900BA8991 /* idea.min.css in Resources */ = {isa = PBXBuildFile; fileRef = A44B9D6027870EA900BA8991 /* idea.min.css */; };
		A44B9D6B2787173F00BA8991 /* docco.min.css in Resources */ = {isa = PBXBuildFile; fileRef = A44B9D6A2787173F00BA8991 /* docco.min.css */; };
		A44B9D6D2787193E00BA8991 /* pojoaque.min.css in Resources */ = {isa = PBXBuildFile; fileRef = A44B9D6C2787193E00BA8991 /* pojoaque.min.css */; };
		BC6E5D5224C0770800809D98 /* EncryptExampleModel.m in Sources */ = {isa = PBXBuildFile; fileRef = BC6E5D5124C0770800809D98 /* EncryptExampleModel.m */; };
		BC874A1A250A238C00F3A346 /* SKTextView.swift in Sources */ = {isa = PBXBuildFile; fileRef = BC874A19250A238C00F3A346 /* SKTextView.swift */; };
		BC88CEA12467A8A600A4828B /* AppDelegate.swift in Sources */ = {isa = PBXBuildFile; fileRef = BC88CEA02467A8A600A4828B /* AppDelegate.swift */; };
		BC88CEA32467A8A600A4828B /* ViewController.swift in Sources */ = {isa = PBXBuildFile; fileRef = BC88CEA22467A8A600A4828B /* ViewController.swift */; };
		BC88CEA52467A8AA00A4828B /* Assets.xcassets in Resources */ = {isa = PBXBuildFile; fileRef = BC88CEA42467A8AA00A4828B /* Assets.xcassets */; };
		BC88CEA82467A8AA00A4828B /* Main.storyboard in Resources */ = {isa = PBXBuildFile; fileRef = BC88CEA62467A8AA00A4828B /* Main.storyboard */; };
		BC88D01E2467C2AA00A4828B /* SKCodeBuilder.swift in Sources */ = {isa = PBXBuildFile; fileRef = BC88D01D2467C2AA00A4828B /* SKCodeBuilder.swift */; };
		BCB184B424B8090500C2A5D3 /* SKEncryptTool.swift in Sources */ = {isa = PBXBuildFile; fileRef = BCB184B324B8090500C2A5D3 /* SKEncryptTool.swift */; };
		BCB6929F24A2EC8F004AC91A /* EncryptionController.swift in Sources */ = {isa = PBXBuildFile; fileRef = BCB6929E24A2EC8F004AC91A /* EncryptionController.swift */; };
/* End PBXBuildFile section */

/* Begin PBXFileReference section */
		A44B9C992786953900BA8991 /* xcode.min.css */ = {isa = PBXFileReference; fileEncoding = 4; lastKnownFileType = text.css; path = xcode.min.css; sourceTree = "<group>"; };
		A44B9C9C2786953900BA8991 /* vs2015.min.css */ = {isa = PBXFileReference; fileEncoding = 4; lastKnownFileType = text.css; path = vs2015.min.css; sourceTree = "<group>"; };
		A44B9CC82786953900BA8991 /* github.min.css */ = {isa = PBXFileReference; fileEncoding = 4; lastKnownFileType = text.css; path = github.min.css; sourceTree = "<group>"; };
		A44B9CEE2786953900BA8991 /* highlight.min.js */ = {isa = PBXFileReference; fileEncoding = 4; lastKnownFileType = sourcecode.javascript; path = highlight.min.js; sourceTree = "<group>"; };
		A44B9CF02786953900BA8991 /* CodeAttributedString.swift */ = {isa = PBXFileReference; fileEncoding = 4; lastKnownFileType = sourcecode.swift; path = CodeAttributedString.swift; sourceTree = "<group>"; };
		A44B9CF12786953900BA8991 /* Highlightr.swift */ = {isa = PBXFileReference; fileEncoding = 4; lastKnownFileType = sourcecode.swift; path = Highlightr.swift; sourceTree = "<group>"; };
		A44B9CF32786953900BA8991 /* HTMLUtils.swift */ = {isa = PBXFileReference; fileEncoding = 4; lastKnownFileType = sourcecode.swift; path = HTMLUtils.swift; sourceTree = "<group>"; };
		A44B9CF42786953900BA8991 /* Theme.swift */ = {isa = PBXFileReference; fileEncoding = 4; lastKnownFileType = sourcecode.swift; path = Theme.swift; sourceTree = "<group>"; };
		A44B9CF52786953900BA8991 /* Shims.swift */ = {isa = PBXFileReference; fileEncoding = 4; lastKnownFileType = sourcecode.swift; path = Shims.swift; sourceTree = "<group>"; };
		A44B9D5C27870E5500BA8991 /* androidstudio.min.css */ = {isa = PBXFileReference; fileEncoding = 4; lastKnownFileType = text.css; path = androidstudio.min.css; sourceTree = "<group>"; };
		A44B9D5E27870E8100BA8991 /* vs.min.css */ = {isa = PBXFileReference; fileEncoding = 4; lastKnownFileType = text.css; path = vs.min.css; sourceTree = "<group>"; };
		A44B9D6027870EA900BA8991 /* idea.min.css */ = {isa = PBXFileReference; fileEncoding = 4; lastKnownFileType = text.css; path = idea.min.css; sourceTree = "<group>"; };
		A44B9D6A2787173F00BA8991 /* docco.min.css */ = {isa = PBXFileReference; fileEncoding = 4; lastKnownFileType = text.css; path = docco.min.css; sourceTree = "<group>"; };
		A44B9D6C2787193E00BA8991 /* pojoaque.min.css */ = {isa = PBXFileReference; fileEncoding = 4; lastKnownFileType = text.css; path = pojoaque.min.css; sourceTree = "<group>"; };
		BC6E5BD824C071EE00809D98 /* SKEncryptHeader.h */ = {isa = PBXFileReference; fileEncoding = 4; lastKnownFileType = sourcecode.c.h; path = SKEncryptHeader.h; sourceTree = "<group>"; };
		BC6E5D5024C0770800809D98 /* EncryptExampleModel.h */ = {isa = PBXFileReference; lastKnownFileType = sourcecode.c.h; path = EncryptExampleModel.h; sourceTree = "<group>"; };
		BC6E5D5124C0770800809D98 /* EncryptExampleModel.m */ = {isa = PBXFileReference; lastKnownFileType = sourcecode.c.objc; path = EncryptExampleModel.m; sourceTree = "<group>"; };
		BC874A19250A238C00F3A346 /* SKTextView.swift */ = {isa = PBXFileReference; lastKnownFileType = sourcecode.swift; path = SKTextView.swift; sourceTree = "<group>"; };
		BC88CE9D2467A8A600A4828B /* SKGenerateModelTool.app */ = {isa = PBXFileReference; explicitFileType = wrapper.application; includeInIndex = 0; path = SKGenerateModelTool.app; sourceTree = BUILT_PRODUCTS_DIR; };
		BC88CEA02467A8A600A4828B /* AppDelegate.swift */ = {isa = PBXFileReference; lastKnownFileType = sourcecode.swift; path = AppDelegate.swift; sourceTree = "<group>"; };
		BC88CEA22467A8A600A4828B /* ViewController.swift */ = {isa = PBXFileReference; lastKnownFileType = sourcecode.swift; path = ViewController.swift; sourceTree = "<group>"; };
		BC88CEA42467A8AA00A4828B /* Assets.xcassets */ = {isa = PBXFileReference; lastKnownFileType = folder.assetcatalog; path = Assets.xcassets; sourceTree = "<group>"; };
		BC88CEA72467A8AA00A4828B /* Base */ = {isa = PBXFileReference; lastKnownFileType = file.storyboard; name = Base; path = Base.lproj/Main.storyboard; sourceTree = "<group>"; };
		BC88CEA92467A8AA00A4828B /* Info.plist */ = {isa = PBXFileReference; lastKnownFileType = text.plist.xml; path = Info.plist; sourceTree = "<group>"; };
		BC88CEAA2467A8AA00A4828B /* SKGenerateModelTool.entitlements */ = {isa = PBXFileReference; lastKnownFileType = text.plist.entitlements; path = SKGenerateModelTool.entitlements; sourceTree = "<group>"; };
		BC88D01D2467C2AA00A4828B /* SKCodeBuilder.swift */ = {isa = PBXFileReference; lastKnownFileType = sourcecode.swift; path = SKCodeBuilder.swift; sourceTree = "<group>"; };
		BCB184B324B8090500C2A5D3 /* SKEncryptTool.swift */ = {isa = PBXFileReference; lastKnownFileType = sourcecode.swift; path = SKEncryptTool.swift; sourceTree = "<group>"; };
		BCB184B524B85CC700C2A5D3 /* SKGenerateModelTool-Bridging-Header.h */ = {isa = PBXFileReference; lastKnownFileType = sourcecode.c.h; path = "SKGenerateModelTool-Bridging-Header.h"; sourceTree = "<group>"; };
		BCB6929E24A2EC8F004AC91A /* EncryptionController.swift */ = {isa = PBXFileReference; lastKnownFileType = sourcecode.swift; path = EncryptionController.swift; sourceTree = "<group>"; };
/* End PBXFileReference section */

/* Begin PBXFrameworksBuildPhase section */
		BC88CE9A2467A8A600A4828B /* Frameworks */ = {
			isa = PBXFrameworksBuildPhase;
			buildActionMask = 2147483647;
			files = (
			);
			runOnlyForDeploymentPostprocessing = 0;
		};
/* End PBXFrameworksBuildPhase section */

/* Begin PBXGroup section */
		A44B9C8F2786922C00BA8991 /* Highlightr */ = {
			isa = PBXGroup;
			children = (
				A44B9C902786953900BA8991 /* Assets */,
				A44B9CEF2786953900BA8991 /* Classes */,
			);
			path = Highlightr;
			sourceTree = "<group>";
		};
		A44B9C902786953900BA8991 /* Assets */ = {
			isa = PBXGroup;
			children = (
				A44B9C922786953900BA8991 /* styles */,
				A44B9CEC2786953900BA8991 /* Highlighter */,
			);
			path = Assets;
			sourceTree = "<group>";
		};
		A44B9C922786953900BA8991 /* styles */ = {
			isa = PBXGroup;
			children = (
				A44B9C992786953900BA8991 /* xcode.min.css */,
				A44B9C9C2786953900BA8991 /* vs2015.min.css */,
				A44B9CC82786953900BA8991 /* github.min.css */,
				A44B9D5E27870E8100BA8991 /* vs.min.css */,
				A44B9D6C2787193E00BA8991 /* pojoaque.min.css */,
				A44B9D5C27870E5500BA8991 /* androidstudio.min.css */,
				A44B9D6A2787173F00BA8991 /* docco.min.css */,
				A44B9D6027870EA900BA8991 /* idea.min.css */,
			);
			path = styles;
			sourceTree = "<group>";
		};
		A44B9CEC2786953900BA8991 /* Highlighter */ = {
			isa = PBXGroup;
			children = (
				A44B9CEE2786953900BA8991 /* highlight.min.js */,
			);
			path = Highlighter;
			sourceTree = "<group>";
		};
		A44B9CEF2786953900BA8991 /* Classes */ = {
			isa = PBXGroup;
			children = (
				A44B9CF02786953900BA8991 /* CodeAttributedString.swift */,
				A44B9CF12786953900BA8991 /* Highlightr.swift */,
				A44B9CF32786953900BA8991 /* HTMLUtils.swift */,
				A44B9CF42786953900BA8991 /* Theme.swift */,
				A44B9CF52786953900BA8991 /* Shims.swift */,
			);
			path = Classes;
			sourceTree = "<group>";
		};
		BC88CE942467A8A600A4828B = {
			isa = PBXGroup;
			children = (
				BC88CE9F2467A8A600A4828B /* SKGenerateModelTool */,
				BC88CE9E2467A8A600A4828B /* Products */,
			);
			sourceTree = "<group>";
		};
		BC88CE9E2467A8A600A4828B /* Products */ = {
			isa = PBXGroup;
			children = (
				BC88CE9D2467A8A600A4828B /* SKGenerateModelTool.app */,
			);
			name = Products;
			sourceTree = "<group>";
		};
		BC88CE9F2467A8A600A4828B /* SKGenerateModelTool */ = {
			isa = PBXGroup;
			children = (
				A44B9C8F2786922C00BA8991 /* Highlightr */,
				BC88CEA02467A8A600A4828B /* AppDelegate.swift */,
				BC88CEA22467A8A600A4828B /* ViewController.swift */,
				BCB184B224B808AF00C2A5D3 /* SKEncryptString */,
				BCB6929E24A2EC8F004AC91A /* EncryptionController.swift */,
				BC88D01D2467C2AA00A4828B /* SKCodeBuilder.swift */,
				BC874A19250A238C00F3A346 /* SKTextView.swift */,
				BC88CEA42467A8AA00A4828B /* Assets.xcassets */,
				BC88CEA62467A8AA00A4828B /* Main.storyboard */,
				BC88CEA92467A8AA00A4828B /* Info.plist */,
				BC88CEAA2467A8AA00A4828B /* SKGenerateModelTool.entitlements */,
			);
			path = SKGenerateModelTool;
			sourceTree = "<group>";
		};
		BCB184B224B808AF00C2A5D3 /* SKEncryptString */ = {
			isa = PBXGroup;
			children = (
				BC6E5BD824C071EE00809D98 /* SKEncryptHeader.h */,
				BCB184B324B8090500C2A5D3 /* SKEncryptTool.swift */,
				BCB184B524B85CC700C2A5D3 /* SKGenerateModelTool-Bridging-Header.h */,
				BC6E5D5024C0770800809D98 /* EncryptExampleModel.h */,
				BC6E5D5124C0770800809D98 /* EncryptExampleModel.m */,
			);
			path = SKEncryptString;
			sourceTree = "<group>";
		};
/* End PBXGroup section */

/* Begin PBXNativeTarget section */
		BC88CE9C2467A8A600A4828B /* SKGenerateModelTool */ = {
			isa = PBXNativeTarget;
			buildConfigurationList = BC88CEAD2467A8AA00A4828B /* Build configuration list for PBXNativeTarget "SKGenerateModelTool" */;
			buildPhases = (
				BC88CE992467A8A600A4828B /* Sources */,
				BC88CE9A2467A8A600A4828B /* Frameworks */,
				BC88CE9B2467A8A600A4828B /* Resources */,
			);
			buildRules = (
			);
			dependencies = (
			);
			name = SKGenerateModelTool;
			productName = SKGenerateModelTool;
			productReference = BC88CE9D2467A8A600A4828B /* SKGenerateModelTool.app */;
			productType = "com.apple.product-type.application";
		};
/* End PBXNativeTarget section */

/* Begin PBXProject section */
		BC88CE952467A8A600A4828B /* Project object */ = {
			isa = PBXProject;
			attributes = {
				LastSwiftUpdateCheck = 1130;
				LastUpgradeCheck = 1130;
				ORGANIZATIONNAME = wushangkun;
				TargetAttributes = {
					BC88CE9C2467A8A600A4828B = {
						CreatedOnToolsVersion = 11.3;
						LastSwiftMigration = 1130;
					};
				};
			};
			buildConfigurationList = BC88CE982467A8A600A4828B /* Build configuration list for PBXProject "SKGenerateModelTool" */;
			compatibilityVersion = "Xcode 9.3";
			developmentRegion = en;
			hasScannedForEncodings = 0;
			knownRegions = (
				en,
				Base,
			);
			mainGroup = BC88CE942467A8A600A4828B;
			productRefGroup = BC88CE9E2467A8A600A4828B /* Products */;
			projectDirPath = "";
			projectRoot = "";
			targets = (
				BC88CE9C2467A8A600A4828B /* SKGenerateModelTool */,
			);
		};
/* End PBXProject section */

/* Begin PBXResourcesBuildPhase section */
		BC88CE9B2467A8A600A4828B /* Resources */ = {
			isa = PBXResourcesBuildPhase;
			buildActionMask = 2147483647;
			files = (
				A44B9D2C2786953A00BA8991 /* github.min.css in Resources */,
				A44B9D6127870EA900BA8991 /* idea.min.css in Resources */,
				A44B9CFD2786953900BA8991 /* xcode.min.css in Resources */,
				BC88CEA52467A8AA00A4828B /* Assets.xcassets in Resources */,
				A44B9D002786953900BA8991 /* vs2015.min.css in Resources */,
				A44B9D6D2787193E00BA8991 /* pojoaque.min.css in Resources */,
				A44B9D5D27870E5500BA8991 /* androidstudio.min.css in Resources */,
				A44B9D512786953A00BA8991 /* highlight.min.js in Resources */,
				A44B9D5F27870E8100BA8991 /* vs.min.css in Resources */,
				A44B9D6B2787173F00BA8991 /* docco.min.css in Resources */,
				BC88CEA82467A8AA00A4828B /* Main.storyboard in Resources */,
			);
			runOnlyForDeploymentPostprocessing = 0;
		};
/* End PBXResourcesBuildPhase section */

/* Begin PBXSourcesBuildPhase section */
		BC88CE992467A8A600A4828B /* Sources */ = {
			isa = PBXSourcesBuildPhase;
			buildActionMask = 2147483647;
			files = (
				BC6E5D5224C0770800809D98 /* EncryptExampleModel.m in Sources */,
				BC874A1A250A238C00F3A346 /* SKTextView.swift in Sources */,
				BCB6929F24A2EC8F004AC91A /* EncryptionController.swift in Sources */,
				BC88D01E2467C2AA00A4828B /* SKCodeBuilder.swift in Sources */,
				A44B9D562786953A00BA8991 /* Theme.swift in Sources */,
				A44B9D552786953A00BA8991 /* HTMLUtils.swift in Sources */,
				BC88CEA32467A8A600A4828B /* ViewController.swift in Sources */,
				BCB184B424B8090500C2A5D3 /* SKEncryptTool.swift in Sources */,
				BC88CEA12467A8A600A4828B /* AppDelegate.swift in Sources */,
				A44B9D522786953A00BA8991 /* CodeAttributedString.swift in Sources */,
				A44B9D572786953A00BA8991 /* Shims.swift in Sources */,
				A44B9D532786953A00BA8991 /* Highlightr.swift in Sources */,
			);
			runOnlyForDeploymentPostprocessing = 0;
		};
/* End PBXSourcesBuildPhase section */

/* Begin PBXVariantGroup section */
		BC88CEA62467A8AA00A4828B /* Main.storyboard */ = {
			isa = PBXVariantGroup;
			children = (
				BC88CEA72467A8AA00A4828B /* Base */,
			);
			name = Main.storyboard;
			sourceTree = "<group>";
		};
/* End PBXVariantGroup section */

/* Begin XCBuildConfiguration section */
		BC88CEAB2467A8AA00A4828B /* Debug */ = {
			isa = XCBuildConfiguration;
			buildSettings = {
				ALWAYS_SEARCH_USER_PATHS = NO;
				CLANG_ANALYZER_NONNULL = YES;
				CLANG_ANALYZER_NUMBER_OBJECT_CONVERSION = YES_AGGRESSIVE;
				CLANG_CXX_LANGUAGE_STANDARD = "gnu++14";
				CLANG_CXX_LIBRARY = "libc++";
				CLANG_ENABLE_MODULES = YES;
				CLANG_ENABLE_OBJC_ARC = YES;
				CLANG_ENABLE_OBJC_WEAK = YES;
				CLANG_WARN_BLOCK_CAPTURE_AUTORELEASING = YES;
				CLANG_WARN_BOOL_CONVERSION = YES;
				CLANG_WARN_COMMA = YES;
				CLANG_WARN_CONSTANT_CONVERSION = YES;
				CLANG_WARN_DEPRECATED_OBJC_IMPLEMENTATIONS = YES;
				CLANG_WARN_DIRECT_OBJC_ISA_USAGE = YES_ERROR;
				CLANG_WARN_DOCUMENTATION_COMMENTS = YES;
				CLANG_WARN_EMPTY_BODY = YES;
				CLANG_WARN_ENUM_CONVERSION = YES;
				CLANG_WARN_INFINITE_RECURSION = YES;
				CLANG_WARN_INT_CONVERSION = YES;
				CLANG_WARN_NON_LITERAL_NULL_CONVERSION = YES;
				CLANG_WARN_OBJC_IMPLICIT_RETAIN_SELF = YES;
				CLANG_WARN_OBJC_LITERAL_CONVERSION = YES;
				CLANG_WARN_OBJC_ROOT_CLASS = YES_ERROR;
				CLANG_WARN_RANGE_LOOP_ANALYSIS = YES;
				CLANG_WARN_STRICT_PROTOTYPES = YES;
				CLANG_WARN_SUSPICIOUS_MOVE = YES;
				CLANG_WARN_UNGUARDED_AVAILABILITY = YES_AGGRESSIVE;
				CLANG_WARN_UNREACHABLE_CODE = YES;
				CLANG_WARN__DUPLICATE_METHOD_MATCH = YES;
				COPY_PHASE_STRIP = NO;
				DEBUG_INFORMATION_FORMAT = dwarf;
				ENABLE_STRICT_OBJC_MSGSEND = YES;
				ENABLE_TESTABILITY = YES;
				GCC_C_LANGUAGE_STANDARD = gnu11;
				GCC_DYNAMIC_NO_PIC = NO;
				GCC_NO_COMMON_BLOCKS = YES;
				GCC_OPTIMIZATION_LEVEL = 0;
				GCC_PREPROCESSOR_DEFINITIONS = (
					"DEBUG=1",
					"$(inherited)",
				);
				GCC_WARN_64_TO_32_BIT_CONVERSION = YES;
				GCC_WARN_ABOUT_RETURN_TYPE = YES_ERROR;
				GCC_WARN_UNDECLARED_SELECTOR = YES;
				GCC_WARN_UNINITIALIZED_AUTOS = YES_AGGRESSIVE;
				GCC_WARN_UNUSED_FUNCTION = YES;
				GCC_WARN_UNUSED_VARIABLE = YES;
				MACOSX_DEPLOYMENT_TARGET = 10.15;
				MTL_ENABLE_DEBUG_INFO = INCLUDE_SOURCE;
				MTL_FAST_MATH = YES;
				ONLY_ACTIVE_ARCH = YES;
				SDKROOT = macosx;
				SWIFT_ACTIVE_COMPILATION_CONDITIONS = DEBUG;
				SWIFT_OPTIMIZATION_LEVEL = "-Onone";
			};
			name = Debug;
		};
		BC88CEAC2467A8AA00A4828B /* Release */ = {
			isa = XCBuildConfiguration;
			buildSettings = {
				ALWAYS_SEARCH_USER_PATHS = NO;
				CLANG_ANALYZER_NONNULL = YES;
				CLANG_ANALYZER_NUMBER_OBJECT_CONVERSION = YES_AGGRESSIVE;
				CLANG_CXX_LANGUAGE_STANDARD = "gnu++14";
				CLANG_CXX_LIBRARY = "libc++";
				CLANG_ENABLE_MODULES = YES;
				CLANG_ENABLE_OBJC_ARC = YES;
				CLANG_ENABLE_OBJC_WEAK = YES;
				CLANG_WARN_BLOCK_CAPTURE_AUTORELEASING = YES;
				CLANG_WARN_BOOL_CONVERSION = YES;
				CLANG_WARN_COMMA = YES;
				CLANG_WARN_CONSTANT_CONVERSION = YES;
				CLANG_WARN_DEPRECATED_OBJC_IMPLEMENTATIONS = YES;
				CLANG_WARN_DIRECT_OBJC_ISA_USAGE = YES_ERROR;
				CLANG_WARN_DOCUMENTATION_COMMENTS = YES;
				CLANG_WARN_EMPTY_BODY = YES;
				CLANG_WARN_ENUM_CONVERSION = YES;
				CLANG_WARN_INFINITE_RECURSION = YES;
				CLANG_WARN_INT_CONVERSION = YES;
				CLANG_WARN_NON_LITERAL_NULL_CONVERSION = YES;
				CLANG_WARN_OBJC_IMPLICIT_RETAIN_SELF = YES;
				CLANG_WARN_OBJC_LITERAL_CONVERSION = YES;
				CLANG_WARN_OBJC_ROOT_CLASS = YES_ERROR;
				CLANG_WARN_RANGE_LOOP_ANALYSIS = YES;
				CLANG_WARN_STRICT_PROTOTYPES = YES;
				CLANG_WARN_SUSPICIOUS_MOVE = YES;
				CLANG_WARN_UNGUARDED_AVAILABILITY = YES_AGGRESSIVE;
				CLANG_WARN_UNREACHABLE_CODE = YES;
				CLANG_WARN__DUPLICATE_METHOD_MATCH = YES;
				COPY_PHASE_STRIP = NO;
				DEBUG_INFORMATION_FORMAT = "dwarf-with-dsym";
				ENABLE_NS_ASSERTIONS = NO;
				ENABLE_STRICT_OBJC_MSGSEND = YES;
				GCC_C_LANGUAGE_STANDARD = gnu11;
				GCC_NO_COMMON_BLOCKS = YES;
				GCC_WARN_64_TO_32_BIT_CONVERSION = YES;
				GCC_WARN_ABOUT_RETURN_TYPE = YES_ERROR;
				GCC_WARN_UNDECLARED_SELECTOR = YES;
				GCC_WARN_UNINITIALIZED_AUTOS = YES_AGGRESSIVE;
				GCC_WARN_UNUSED_FUNCTION = YES;
				GCC_WARN_UNUSED_VARIABLE = YES;
				MACOSX_DEPLOYMENT_TARGET = 10.15;
				MTL_ENABLE_DEBUG_INFO = NO;
				MTL_FAST_MATH = YES;
				SDKROOT = macosx;
				SWIFT_COMPILATION_MODE = wholemodule;
				SWIFT_OPTIMIZATION_LEVEL = "-O";
			};
			name = Release;
		};
		BC88CEAE2467A8AA00A4828B /* Debug */ = {
			isa = XCBuildConfiguration;
			buildSettings = {
				ASSETCATALOG_COMPILER_APPICON_NAME = AppIcon;
				CLANG_ENABLE_MODULES = YES;
				CODE_SIGN_ENTITLEMENTS = SKGenerateModelTool/SKGenerateModelTool.entitlements;
				CODE_SIGN_STYLE = Automatic;
				COMBINE_HIDPI_IMAGES = YES;
				INFOPLIST_FILE = SKGenerateModelTool/Info.plist;
				LD_RUNPATH_SEARCH_PATHS = (
					"$(inherited)",
					"@executable_path/../Frameworks",
				);
				MACOSX_DEPLOYMENT_TARGET = 10.11;
				PRODUCT_BUNDLE_IDENTIFIER = com.Xcoder1011.SKGenerateModelTool;
				PRODUCT_NAME = "$(TARGET_NAME)";
				SWIFT_OBJC_BRIDGING_HEADER = "SKGenerateModelTool/SKEncryptString/SKGenerateModelTool-Bridging-Header.h";
				SWIFT_OPTIMIZATION_LEVEL = "-Onone";
				SWIFT_VERSION = 5.0;
			};
			name = Debug;
		};
		BC88CEAF2467A8AA00A4828B /* Release */ = {
			isa = XCBuildConfiguration;
			buildSettings = {
				ASSETCATALOG_COMPILER_APPICON_NAME = AppIcon;
				CLANG_ENABLE_MODULES = YES;
				CODE_SIGN_ENTITLEMENTS = SKGenerateModelTool/SKGenerateModelTool.entitlements;
				CODE_SIGN_STYLE = Automatic;
				COMBINE_HIDPI_IMAGES = YES;
				INFOPLIST_FILE = SKGenerateModelTool/Info.plist;
				LD_RUNPATH_SEARCH_PATHS = (
					"$(inherited)",
					"@executable_path/../Frameworks",
				);
				MACOSX_DEPLOYMENT_TARGET = 10.11;
				PRODUCT_BUNDLE_IDENTIFIER = com.Xcoder1011.SKGenerateModelTool;
				PRODUCT_NAME = "$(TARGET_NAME)";
				SWIFT_OBJC_BRIDGING_HEADER = "SKGenerateModelTool/SKEncryptString/SKGenerateModelTool-Bridging-Header.h";
				SWIFT_VERSION = 5.0;
			};
			name = Release;
		};
/* End XCBuildConfiguration section */

/* Begin XCConfigurationList section */
		BC88CE982467A8A600A4828B /* Build configuration list for PBXProject "SKGenerateModelTool" */ = {
			isa = XCConfigurationList;
			buildConfigurations = (
				BC88CEAB2467A8AA00A4828B /* Debug */,
				BC88CEAC2467A8AA00A4828B /* Release */,
			);
			defaultConfigurationIsVisible = 0;
			defaultConfigurationName = Release;
		};
		BC88CEAD2467A8AA00A4828B /* Build configuration list for PBXNativeTarget "SKGenerateModelTool" */ = {
			isa = XCConfigurationList;
			buildConfigurations = (
				BC88CEAE2467A8AA00A4828B /* Debug */,
				BC88CEAF2467A8AA00A4828B /* Release */,
			);
			defaultConfigurationIsVisible = 0;
			defaultConfigurationName = Release;
		};
/* End XCConfigurationList section */
	};
	rootObject = BC88CE952467A8A600A4828B /* Project object */;
}
